
Microsoft Visual Studio Solution File, Format Version 12.00
# Visual Studio 14
VisualStudioVersion = 14.0.25420.1
MinimumVisualStudioVersion = 10.0.40219.1
Project("{FAE04EC0-301F-11D3-BF4B-00C04F79EFBC}") = "GitKitX.Droid", "GitKitX\GitKitX.Droid\GitKitX.Droid.csproj", "{A92209C9-D16C-402E-826B-E296016B871A}"
EndProject
Project("{FAE04EC0-301F-11D3-BF4B-00C04F79EFBC}") = "GitKitX", "GitKitX\GitKitX\GitKitX.csproj", "{978FCA1C-EA8A-4376-8CCE-0D465215EC89}"
EndProject
Project("{FAE04EC0-301F-11D3-BF4B-00C04F79EFBC}") = "GitKitX.iOS", "GitKitX\GitKitX.iOS\GitKitX.iOS.csproj", "{ED1BA0D7-6416-47C0-858D-39DF2E418991}"
EndProject
Global
	GlobalSection(SolutionConfigurationPlatforms) = preSolution
		Ad-Hoc|Any CPU = Ad-Hoc|Any CPU
		Ad-Hoc|ARM = Ad-Hoc|ARM
		Ad-Hoc|iPhone = Ad-Hoc|iPhone
		Ad-Hoc|iPhoneSimulator = Ad-Hoc|iPhoneSimulator
		Ad-Hoc|x64 = Ad-Hoc|x64
		Ad-Hoc|x86 = Ad-Hoc|x86
		AppStore|Any CPU = AppStore|Any CPU
		AppStore|ARM = AppStore|ARM
		AppStore|iPhone = AppStore|iPhone
		AppStore|iPhoneSimulator = AppStore|iPhoneSimulator
		AppStore|x64 = AppStore|x64
		AppStore|x86 = AppStore|x86
		Debug|Any CPU = Debug|Any CPU
		Debug|ARM = Debug|ARM
		Debug|iPhone = Debug|iPhone
		Debug|iPhoneSimulator = Debug|iPhoneSimulator
		Debug|x64 = Debug|x64
		Debug|x86 = Debug|x86
		Release|Any CPU = Release|Any CPU
		Release|ARM = Release|ARM
		Release|iPhone = Release|iPhone
		Release|iPhoneSimulator = Release|iPhoneSimulator
		Release|x64 = Release|x64
		Release|x86 = Release|x86
	EndGlobalSection
	GlobalSection(ProjectConfigurationPlatforms) = postSolution
		{A92209C9-D16C-402E-826B-E296016B871A}.Ad-Hoc|Any CPU.ActiveCfg = Release|Any CPU
		{A92209C9-D16C-402E-826B-E296016B871A}.Ad-Hoc|Any CPU.Build.0 = Release|Any CPU
		{A92209C9-D16C-402E-826B-E296016B871A}.Ad-Hoc|Any CPU.Deploy.0 = Release|Any CPU
		{A92209C9-D16C-402E-826B-E296016B871A}.Ad-Hoc|ARM.ActiveCfg = Release|Any CPU
		{A92209C9-D16C-402E-826B-E296016B871A}.Ad-Hoc|ARM.Build.0 = Release|Any CPU
		{A92209C9-D16C-402E-826B-E296016B871A}.Ad-Hoc|ARM.Deploy.0 = Release|Any CPU
		{A92209C9-D16C-402E-826B-E296016B871A}.Ad-Hoc|iPhone.ActiveCfg = Release|Any CPU
		{A92209C9-D16C-402E-826B-E296016B871A}.Ad-Hoc|iPhone.Build.0 = Release|Any CPU
		{A92209C9-D16C-402E-826B-E296016B871A}.Ad-Hoc|iPhone.Deploy.0 = Release|Any CPU
		{A92209C9-D16C-402E-826B-E296016B871A}.Ad-Hoc|iPhoneSimulator.ActiveCfg = Release|Any CPU
		{A92209C9-D16C-402E-826B-E296016B871A}.Ad-Hoc|iPhoneSimulator.Build.0 = Release|Any CPU
		{A92209C9-D16C-402E-826B-E296016B871A}.Ad-Hoc|iPhoneSimulator.Deploy.0 = Release|Any CPU
		{A92209C9-D16C-402E-826B-E296016B871A}.Ad-Hoc|x64.ActiveCfg = Release|Any CPU
		{A92209C9-D16C-402E-826B-E296016B871A}.Ad-Hoc|x64.Build.0 = Release|Any CPU
		{A92209C9-D16C-402E-826B-E296016B871A}.Ad-Hoc|x64.Deploy.0 = Release|Any CPU
		{A92209C9-D16C-402E-826B-E296016B871A}.Ad-Hoc|x86.ActiveCfg = Release|Any CPU
		{A92209C9-D16C-402E-826B-E296016B871A}.Ad-Hoc|x86.Build.0 = Release|Any CPU
		{A92209C9-D16C-402E-826B-E296016B871A}.Ad-Hoc|x86.Deploy.0 = Release|Any CPU
		{A92209C9-D16C-402E-826B-E296016B871A}.AppStore|Any CPU.ActiveCfg = Release|Any CPU
		{A92209C9-D16C-402E-826B-E296016B871A}.AppStore|Any CPU.Build.0 = Release|Any CPU
		{A92209C9-D16C-402E-826B-E296016B871A}.AppStore|Any CPU.Deploy.0 = Release|Any CPU
		{A92209C9-D16C-402E-826B-E296016B871A}.AppStore|ARM.ActiveCfg = Release|Any CPU
		{A92209C9-D16C-402E-826B-E296016B871A}.AppStore|ARM.Build.0 = Release|Any CPU
		{A92209C9-D16C-402E-826B-E296016B871A}.AppStore|ARM.Deploy.0 = Release|Any CPU
		{A92209C9-D16C-402E-826B-E296016B871A}.AppStore|iPhone.ActiveCfg = Release|Any CPU
		{A92209C9-D16C-402E-826B-E296016B871A}.AppStore|iPhone.Build.0 = Release|Any CPU
		{A92209C9-D16C-402E-826B-E296016B871A}.AppStore|iPhone.Deploy.0 = Release|Any CPU
		{A92209C9-D16C-402E-826B-E296016B871A}.AppStore|iPhoneSimulator.ActiveCfg = Release|Any CPU
		{A92209C9-D16C-402E-826B-E296016B871A}.AppStore|iPhoneSimulator.Build.0 = Release|Any CPU
		{A92209C9-D16C-402E-826B-E296016B871A}.AppStore|iPhoneSimulator.Deploy.0 = Release|Any CPU
		{A92209C9-D16C-402E-826B-E296016B871A}.AppStore|x64.ActiveCfg = Release|Any CPU
		{A92209C9-D16C-402E-826B-E296016B871A}.AppStore|x64.Build.0 = Release|Any CPU
		{A92209C9-D16C-402E-826B-E296016B871A}.AppStore|x64.Deploy.0 = Release|Any CPU
		{A92209C9-D16C-402E-826B-E296016B871A}.AppStore|x86.ActiveCfg = Release|Any CPU
		{A92209C9-D16C-402E-826B-E296016B871A}.AppStore|x86.Build.0 = Release|Any CPU
		{A92209C9-D16C-402E-826B-E296016B871A}.AppStore|x86.Deploy.0 = Release|Any CPU
		{A92209C9-D16C-402E-826B-E296016B871A}.Debug|Any CPU.ActiveCfg = Debug|Any CPU
		{A92209C9-D16C-402E-826B-E296016B871A}.Debug|Any CPU.Build.0 = Debug|Any CPU
		{A92209C9-D16C-402E-826B-E296016B871A}.Debug|Any CPU.Deploy.0 = Debug|Any CPU
		{A92209C9-D16C-402E-826B-E296016B871A}.Debug|ARM.ActiveCfg = Debug|Any CPU
		{A92209C9-D16C-402E-826B-E296016B871A}.Debug|ARM.Build.0 = Debug|Any CPU
		{A92209C9-D16C-402E-826B-E296016B871A}.Debug|ARM.Deploy.0 = Debug|Any CPU
		{A92209C9-D16C-402E-826B-E296016B871A}.Debug|iPhone.ActiveCfg = Debug|Any CPU
		{A92209C9-D16C-402E-826B-E296016B871A}.Debug|iPhone.Build.0 = Debug|Any CPU
		{A92209C9-D16C-402E-826B-E296016B871A}.Debug|iPhone.Deploy.0 = Debug|Any CPU
		{A92209C9-D16C-402E-826B-E296016B871A}.Debug|iPhoneSimulator.ActiveCfg = Debug|Any CPU
		{A92209C9-D16C-402E-826B-E296016B871A}.Debug|iPhoneSimulator.Build.0 = Debug|Any CPU
		{A92209C9-D16C-402E-826B-E296016B871A}.Debug|iPhoneSimulator.Deploy.0 = Debug|Any CPU
		{A92209C9-D16C-402E-826B-E296016B871A}.Debug|x64.ActiveCfg = Debug|Any CPU
		{A92209C9-D16C-402E-826B-E296016B871A}.Debug|x64.Build.0 = Debug|Any CPU
		{A92209C9-D16C-402E-826B-E296016B871A}.Debug|x64.Deploy.0 = Debug|Any CPU
		{A92209C9-D16C-402E-826B-E296016B871A}.Debug|x86.ActiveCfg = Debug|Any CPU
		{A92209C9-D16C-402E-826B-E296016B871A}.Debug|x86.Build.0 = Debug|Any CPU
		{A92209C9-D16C-402E-826B-E296016B871A}.Debug|x86.Deploy.0 = Debug|Any CPU
		{A92209C9-D16C-402E-826B-E296016B871A}.Release|Any CPU.ActiveCfg = Release|Any CPU
		{A92209C9-D16C-402E-826B-E296016B871A}.Release|Any CPU.Build.0 = Release|Any CPU
		{A92209C9-D16C-402E-826B-E296016B871A}.Release|Any CPU.Deploy.0 = Release|Any CPU
		{A92209C9-D16C-402E-826B-E296016B871A}.Release|ARM.ActiveCfg = Release|Any CPU
		{A92209C9-D16C-402E-826B-E296016B871A}.Release|ARM.Build.0 = Release|Any CPU
		{A92209C9-D16C-402E-826B-E296016B871A}.Release|ARM.Deploy.0 = Release|Any CPU
		{A92209C9-D16C-402E-826B-E296016B871A}.Release|iPhone.ActiveCfg = Release|Any CPU
		{A92209C9-D16C-402E-826B-E296016B871A}.Release|iPhone.Build.0 = Release|Any CPU
		{A92209C9-D16C-402E-826B-E296016B871A}.Release|iPhone.Deploy.0 = Release|Any CPU
		{A92209C9-D16C-402E-826B-E296016B871A}.Release|iPhoneSimulator.ActiveCfg = Release|Any CPU
		{A92209C9-D16C-402E-826B-E296016B871A}.Release|iPhoneSimulator.Build.0 = Release|Any CPU
		{A92209C9-D16C-402E-826B-E296016B871A}.Release|iPhoneSimulator.Deploy.0 = Release|Any CPU
		{A92209C9-D16C-402E-826B-E296016B871A}.Release|x64.ActiveCfg = Release|Any CPU
		{A92209C9-D16C-402E-826B-E296016B871A}.Release|x64.Build.0 = Release|Any CPU
		{A92209C9-D16C-402E-826B-E296016B871A}.Release|x64.Deploy.0 = Release|Any CPU
		{A92209C9-D16C-402E-826B-E296016B871A}.Release|x86.ActiveCfg = Release|Any CPU
		{A92209C9-D16C-402E-826B-E296016B871A}.Release|x86.Build.0 = Release|Any CPU
		{A92209C9-D16C-402E-826B-E296016B871A}.Release|x86.Deploy.0 = Release|Any CPU
		{978FCA1C-EA8A-4376-8CCE-0D465215EC89}.Ad-Hoc|Any CPU.ActiveCfg = Release|Any CPU
		{978FCA1C-EA8A-4376-8CCE-0D465215EC89}.Ad-Hoc|Any CPU.Build.0 = Release|Any CPU
		{978FCA1C-EA8A-4376-8CCE-0D465215EC89}.Ad-Hoc|ARM.ActiveCfg = Release|Any CPU
		{978FCA1C-EA8A-4376-8CCE-0D465215EC89}.Ad-Hoc|ARM.Build.0 = Release|Any CPU
		{978FCA1C-EA8A-4376-8CCE-0D465215EC89}.Ad-Hoc|iPhone.ActiveCfg = Release|Any CPU
		{978FCA1C-EA8A-4376-8CCE-0D465215EC89}.Ad-Hoc|iPhone.Build.0 = Release|Any CPU
		{978FCA1C-EA8A-4376-8CCE-0D465215EC89}.Ad-Hoc|iPhoneSimulator.ActiveCfg = Release|Any CPU
		{978FCA1C-EA8A-4376-8CCE-0D465215EC89}.Ad-Hoc|iPhoneSimulator.Build.0 = Release|Any CPU
		{978FCA1C-EA8A-4376-8CCE-0D465215EC89}.Ad-Hoc|x64.ActiveCfg = Release|Any CPU
		{978FCA1C-EA8A-4376-8CCE-0D465215EC89}.Ad-Hoc|x64.Build.0 = Release|Any CPU
		{978FCA1C-EA8A-4376-8CCE-0D465215EC89}.Ad-Hoc|x86.ActiveCfg = Release|Any CPU
		{978FCA1C-EA8A-4376-8CCE-0D465215EC89}.Ad-Hoc|x86.Build.0 = Release|Any CPU
		{978FCA1C-EA8A-4376-8CCE-0D465215EC89}.AppStore|Any CPU.ActiveCfg = Release|Any CPU
		{978FCA1C-EA8A-4376-8CCE-0D465215EC89}.AppStore|Any CPU.Build.0 = Release|Any CPU
		{978FCA1C-EA8A-4376-8CCE-0D465215EC89}.AppStore|ARM.ActiveCfg = Release|Any CPU
		{978FCA1C-EA8A-4376-8CCE-0D465215EC89}.AppStore|ARM.Build.0 = Release|Any CPU
		{978FCA1C-EA8A-4376-8CCE-0D465215EC89}.AppStore|iPhone.ActiveCfg = Release|Any CPU
		{978FCA1C-EA8A-4376-8CCE-0D465215EC89}.AppStore|iPhone.Build.0 = Release|Any CPU
		{978FCA1C-EA8A-4376-8CCE-0D465215EC89}.AppStore|iPhoneSimulator.ActiveCfg = Release|Any CPU
		{978FCA1C-EA8A-4376-8CCE-0D465215EC89}.AppStore|iPhoneSimulator.Build.0 = Release|Any CPU
		{978FCA1C-EA8A-4376-8CCE-0D465215EC89}.AppStore|x64.ActiveCfg = Release|Any CPU
		{978FCA1C-EA8A-4376-8CCE-0D465215EC89}.AppStore|x64.Build.0 = Release|Any CPU
		{978FCA1C-EA8A-4376-8CCE-0D465215EC89}.AppStore|x86.ActiveCfg = Release|Any CPU
		{978FCA1C-EA8A-4376-8CCE-0D465215EC89}.AppStore|x86.Build.0 = Release|Any CPU
		{978FCA1C-EA8A-4376-8CCE-0D465215EC89}.Debug|Any CPU.ActiveCfg = Debug|Any CPU
		{978FCA1C-EA8A-4376-8CCE-0D465215EC89}.Debug|Any CPU.Build.0 = Debug|Any CPU
		{978FCA1C-EA8A-4376-8CCE-0D465215EC89}.Debug|ARM.ActiveCfg = Debug|Any CPU
		{978FCA1C-EA8A-4376-8CCE-0D465215EC89}.Debug|ARM.Build.0 = Debug|Any CPU
		{978FCA1C-EA8A-4376-8CCE-0D465215EC89}.Debug|iPhone.ActiveCfg = Debug|Any CPU
		{978FCA1C-EA8A-4376-8CCE-0D465215EC89}.Debug|iPhone.Build.0 = Debug|Any CPU
		{978FCA1C-EA8A-4376-8CCE-0D465215EC89}.Debug|iPhoneSimulator.ActiveCfg = Debug|Any CPU
		{978FCA1C-EA8A-4376-8CCE-0D465215EC89}.Debug|iPhoneSimulator.Build.0 = Debug|Any CPU
		{978FCA1C-EA8A-4376-8CCE-0D465215EC89}.Debug|x64.ActiveCfg = Debug|Any CPU
		{978FCA1C-EA8A-4376-8CCE-0D465215EC89}.Debug|x64.Build.0 = Debug|Any CPU
		{978FCA1C-EA8A-4376-8CCE-0D465215EC89}.Debug|x86.ActiveCfg = Debug|Any CPU
		{978FCA1C-EA8A-4376-8CCE-0D465215EC89}.Debug|x86.Build.0 = Debug|Any CPU
		{978FCA1C-EA8A-4376-8CCE-0D465215EC89}.Release|Any CPU.ActiveCfg = Release|Any CPU
		{978FCA1C-EA8A-4376-8CCE-0D465215EC89}.Release|Any CPU.Build.0 = Release|Any CPU
		{978FCA1C-EA8A-4376-8CCE-0D465215EC89}.Release|ARM.ActiveCfg = Release|Any CPU
		{978FCA1C-EA8A-4376-8CCE-0D465215EC89}.Release|ARM.Build.0 = Release|Any CPU
		{978FCA1C-EA8A-4376-8CCE-0D465215EC89}.Release|iPhone.ActiveCfg = Release|Any CPU
		{978FCA1C-EA8A-4376-8CCE-0D465215EC89}.Release|iPhone.Build.0 = Release|Any CPU
		{978FCA1C-EA8A-4376-8CCE-0D465215EC89}.Release|iPhoneSimulator.ActiveCfg = Release|Any CPU
		{978FCA1C-EA8A-4376-8CCE-0D465215EC89}.Release|iPhoneSimulator.Build.0 = Release|Any CPU
		{978FCA1C-EA8A-4376-8CCE-0D465215EC89}.Release|x64.ActiveCfg = Release|Any CPU
		{978FCA1C-EA8A-4376-8CCE-0D465215EC89}.Release|x64.Build.0 = Release|Any CPU
		{978FCA1C-EA8A-4376-8CCE-0D465215EC89}.Release|x86.ActiveCfg = Release|Any CPU
		{978FCA1C-EA8A-4376-8CCE-0D465215EC89}.Release|x86.Build.0 = Release|Any CPU
		{ED1BA0D7-6416-47C0-858D-39DF2E418991}.Ad-Hoc|Any CPU.ActiveCfg = Ad-Hoc|iPhone
		{ED1BA0D7-6416-47C0-858D-39DF2E418991}.Ad-Hoc|ARM.ActiveCfg = Ad-Hoc|iPhone
		{ED1BA0D7-6416-47C0-858D-39DF2E418991}.Ad-Hoc|iPhone.ActiveCfg = Ad-Hoc|iPhone
		{ED1BA0D7-6416-47C0-858D-39DF2E418991}.Ad-Hoc|iPhone.Build.0 = Ad-Hoc|iPhone
		{ED1BA0D7-6416-47C0-858D-39DF2E418991}.Ad-Hoc|iPhoneSimulator.ActiveCfg = Ad-Hoc|iPhoneSimulator
		{ED1BA0D7-6416-47C0-858D-39DF2E418991}.Ad-Hoc|iPhoneSimulator.Build.0 = Ad-Hoc|iPhoneSimulator
		{ED1BA0D7-6416-47C0-858D-39DF2E418991}.Ad-Hoc|x64.ActiveCfg = Ad-Hoc|iPhone
		{ED1BA0D7-6416-47C0-858D-39DF2E418991}.Ad-Hoc|x86.ActiveCfg = Ad-Hoc|iPhone
		{ED1BA0D7-6416-47C0-858D-39DF2E418991}.AppStore|Any CPU.ActiveCfg = AppStore|iPhone
		{ED1BA0D7-6416-47C0-858D-39DF2E418991}.AppStore|ARM.ActiveCfg = AppStore|iPhone
		{ED1BA0D7-6416-47C0-858D-39DF2E418991}.AppStore|iPhone.ActiveCfg = AppStore|iPhone
		{ED1BA0D7-6416-47C0-858D-39DF2E418991}.AppStore|iPhone.Build.0 = AppStore|iPhone
		{ED1BA0D7-6416-47C0-858D-39DF2E418991}.AppStore|iPhoneSimulator.ActiveCfg = AppStore|iPhoneSimulator
		{ED1BA0D7-6416-47C0-858D-39DF2E418991}.AppStore|iPhoneSimulator.Build.0 = AppStore|iPhoneSimulator
		{ED1BA0D7-6416-47C0-858D-39DF2E418991}.AppStore|x64.ActiveCfg = AppStore|iPhone
		{ED1BA0D7-6416-47C0-858D-39DF2E418991}.AppStore|x86.ActiveCfg = AppStore|iPhone
		{ED1BA0D7-6416-47C0-858D-39DF2E418991}.Debug|Any CPU.ActiveCfg = Debug|iPhone
		{ED1BA0D7-6416-47C0-858D-39DF2E418991}.Debug|ARM.ActiveCfg = Debug|iPhone
		{ED1BA0D7-6416-47C0-858D-39DF2E418991}.Debug|iPhone.ActiveCfg = Debug|iPhone
		{ED1BA0D7-6416-47C0-858D-39DF2E418991}.Debug|iPhone.Build.0 = Debug|iPhone
		{ED1BA0D7-6416-47C0-858D-39DF2E418991}.Debug|iPhoneSimulator.ActiveCfg = Debug|iPhoneSimulator
		{ED1BA0D7-6416-47C0-858D-39DF2E418991}.Debug|iPhoneSimulator.Build.0 = Debug|iPhoneSimulator
		{ED1BA0D7-6416-47C0-858D-39DF2E418991}.Debug|x64.ActiveCfg = Debug|iPhone
		{ED1BA0D7-6416-47C0-858D-39DF2E418991}.Debug|x86.ActiveCfg = Debug|iPhone
		{ED1BA0D7-6416-47C0-858D-39DF2E418991}.Release|Any CPU.ActiveCfg = Release|iPhone
		{ED1BA0D7-6416-47C0-858D-39DF2E418991}.Release|ARM.ActiveCfg = Release|iPhone
		{ED1BA0D7-6416-47C0-858D-39DF2E418991}.Release|iPhone.ActiveCfg = Release|iPhone
		{ED1BA0D7-6416-47C0-858D-39DF2E418991}.Release|iPhone.Build.0 = Release|iPhone
		{ED1BA0D7-6416-47C0-858D-39DF2E418991}.Release|iPhoneSimulator.ActiveCfg = Release|iPhoneSimulator
		{ED1BA0D7-6416-47C0-858D-39DF2E418991}.Release|iPhoneSimulator.Build.0 = Release|iPhoneSimulator
		{ED1BA0D7-6416-47C0-858D-39DF2E418991}.Release|x64.ActiveCfg = Release|iPhone
		{ED1BA0D7-6416-47C0-858D-39DF2E418991}.Release|x86.ActiveCfg = Release|iPhone
	EndGlobalSection
	GlobalSection(SolutionProperties) = preSolution
		HideSolutionNode = FALSE
	EndGlobalSection
EndGlobal
